// !$*UTF8*$!
{
	archiveVersion = 1;
	classes = {
	};
	objectVersion = 56;
	objects = {

/* Begin PBXBuildFile section */
		11822F482C8F12210042C39F /* SetDetailView.swift in Sources */ = {isa = PBXBuildFile; fileRef = 11822F472C8F12210042C39F /* SetDetailView.swift */; };
		11822F4A2C8F32130042C39F /* HealthKitManager.swift in Sources */ = {isa = PBXBuildFile; fileRef = 11822F492C8F32130042C39F /* HealthKitManager.swift */; };
		11B02FF92C8E1DBB004F43C6 /* fitness_trackerApp.swift in Sources */ = {isa = PBXBuildFile; fileRef = 11B02FF82C8E1DBB004F43C6 /* fitness_trackerApp.swift */; };
		11B02FFB2C8E1DBB004F43C6 /* ContentView.swift in Sources */ = {isa = PBXBuildFile; fileRef = 11B02FFA2C8E1DBB004F43C6 /* ContentView.swift */; };
		11B02FFD2C8E1DBC004F43C6 /* Assets.xcassets in Resources */ = {isa = PBXBuildFile; fileRef = 11B02FFC2C8E1DBC004F43C6 /* Assets.xcassets */; };
		11B030002C8E1DBC004F43C6 /* Preview Assets.xcassets in Resources */ = {isa = PBXBuildFile; fileRef = 11B02FFF2C8E1DBC004F43C6 /* Preview Assets.xcassets */; };
		11B030052C8E1DBC004F43C6 /* fitness_tracker.xcdatamodeld in Sources */ = {isa = PBXBuildFile; fileRef = 11B030032C8E1DBC004F43C6 /* fitness_tracker.xcdatamodeld */; };
		11B0300D2C8E1F42004F43C6 /* DashboardView.swift in Sources */ = {isa = PBXBuildFile; fileRef = 11B0300C2C8E1F42004F43C6 /* DashboardView.swift */; };
		11B0300F2C8E1F4A004F43C6 /* WorkoutsView.swift in Sources */ = {isa = PBXBuildFile; fileRef = 11B0300E2C8E1F4A004F43C6 /* WorkoutsView.swift */; };
		11B030112C8E1F53004F43C6 /* ProfileView.swift in Sources */ = {isa = PBXBuildFile; fileRef = 11B030102C8E1F53004F43C6 /* ProfileView.swift */; };
		11B0301C2C8E235B004F43C6 /* WorkoutManager.swift in Sources */ = {isa = PBXBuildFile; fileRef = 11B0301B2C8E235B004F43C6 /* WorkoutManager.swift */; };
		11B0303D2C8E2B4E004F43C6 /* WorkoutDetailView.swift in Sources */ = {isa = PBXBuildFile; fileRef = 11B0303C2C8E2B4E004F43C6 /* WorkoutDetailView.swift */; };
		11B0303F2C8E2B57004F43C6 /* WorkoutRowView.swift in Sources */ = {isa = PBXBuildFile; fileRef = 11B0303E2C8E2B57004F43C6 /* WorkoutRowView.swift */; };
		11B030412C8E2CD5004F43C6 /* AddWorkoutView.swift in Sources */ = {isa = PBXBuildFile; fileRef = 11B030402C8E2CD5004F43C6 /* AddWorkoutView.swift */; };
		11B030432C8E2D98004F43C6 /* AddWorkoutSetView.swift in Sources */ = {isa = PBXBuildFile; fileRef = 11B030422C8E2D98004F43C6 /* AddWorkoutSetView.swift */; };
		11B030582C8E31F8004F43C6 /* Workout+CoreDataClass.swift in Sources */ = {isa = PBXBuildFile; fileRef = 11B030542C8E31F8004F43C6 /* Workout+CoreDataClass.swift */; };
		11B030592C8E31F8004F43C6 /* Workout+CoreDataProperties.swift in Sources */ = {isa = PBXBuildFile; fileRef = 11B030552C8E31F8004F43C6 /* Workout+CoreDataProperties.swift */; };
		11B0305A2C8E31F8004F43C6 /* WorkoutSet+CoreDataClass.swift in Sources */ = {isa = PBXBuildFile; fileRef = 11B030562C8E31F8004F43C6 /* WorkoutSet+CoreDataClass.swift */; };
		11B0305B2C8E31F8004F43C6 /* WorkoutSet+CoreDataProperties.swift in Sources */ = {isa = PBXBuildFile; fileRef = 11B030572C8E31F8004F43C6 /* WorkoutSet+CoreDataProperties.swift */; };
/* End PBXBuildFile section */

/* Begin PBXFileReference section */
		11822F472C8F12210042C39F /* SetDetailView.swift */ = {isa = PBXFileReference; lastKnownFileType = sourcecode.swift; path = SetDetailView.swift; sourceTree = "<group>"; };
		11822F492C8F32130042C39F /* HealthKitManager.swift */ = {isa = PBXFileReference; lastKnownFileType = sourcecode.swift; path = HealthKitManager.swift; sourceTree = "<group>"; };
		11822F4B2C8F353D0042C39F /* Info.plist */ = {isa = PBXFileReference; lastKnownFileType = text.plist; path = Info.plist; sourceTree = "<group>"; };
		11822F4C2C8F35EB0042C39F /* fitness-tracker.entitlements */ = {isa = PBXFileReference; lastKnownFileType = text.plist.entitlements; path = "fitness-tracker.entitlements"; sourceTree = "<group>"; };
		11B02FF52C8E1DBB004F43C6 /* fitness-tracker.app */ = {isa = PBXFileReference; explicitFileType = wrapper.application; includeInIndex = 0; path = "fitness-tracker.app"; sourceTree = BUILT_PRODUCTS_DIR; };
		11B02FF82C8E1DBB004F43C6 /* fitness_trackerApp.swift */ = {isa = PBXFileReference; lastKnownFileType = sourcecode.swift; path = fitness_trackerApp.swift; sourceTree = "<group>"; };
		11B02FFA2C8E1DBB004F43C6 /* ContentView.swift */ = {isa = PBXFileReference; lastKnownFileType = sourcecode.swift; path = ContentView.swift; sourceTree = "<group>"; };
		11B02FFC2C8E1DBC004F43C6 /* Assets.xcassets */ = {isa = PBXFileReference; lastKnownFileType = folder.assetcatalog; path = Assets.xcassets; sourceTree = "<group>"; };
		11B02FFF2C8E1DBC004F43C6 /* Preview Assets.xcassets */ = {isa = PBXFileReference; lastKnownFileType = folder.assetcatalog; path = "Preview Assets.xcassets"; sourceTree = "<group>"; };
		11B030042C8E1DBC004F43C6 /* fitness_tracker.xcdatamodel */ = {isa = PBXFileReference; lastKnownFileType = wrapper.xcdatamodel; path = fitness_tracker.xcdatamodel; sourceTree = "<group>"; };
		11B0300C2C8E1F42004F43C6 /* DashboardView.swift */ = {isa = PBXFileReference; lastKnownFileType = sourcecode.swift; path = DashboardView.swift; sourceTree = "<group>"; };
		11B0300E2C8E1F4A004F43C6 /* WorkoutsView.swift */ = {isa = PBXFileReference; lastKnownFileType = sourcecode.swift; path = WorkoutsView.swift; sourceTree = "<group>"; };
		11B030102C8E1F53004F43C6 /* ProfileView.swift */ = {isa = PBXFileReference; lastKnownFileType = sourcecode.swift; path = ProfileView.swift; sourceTree = "<group>"; };
		11B0301B2C8E235B004F43C6 /* WorkoutManager.swift */ = {isa = PBXFileReference; lastKnownFileType = sourcecode.swift; path = WorkoutManager.swift; sourceTree = "<group>"; };
		11B0303C2C8E2B4E004F43C6 /* WorkoutDetailView.swift */ = {isa = PBXFileReference; lastKnownFileType = sourcecode.swift; path = WorkoutDetailView.swift; sourceTree = "<group>"; };
		11B0303E2C8E2B57004F43C6 /* WorkoutRowView.swift */ = {isa = PBXFileReference; lastKnownFileType = sourcecode.swift; path = WorkoutRowView.swift; sourceTree = "<group>"; };
		11B030402C8E2CD5004F43C6 /* AddWorkoutView.swift */ = {isa = PBXFileReference; lastKnownFileType = sourcecode.swift; path = AddWorkoutView.swift; sourceTree = "<group>"; };
		11B030422C8E2D98004F43C6 /* AddWorkoutSetView.swift */ = {isa = PBXFileReference; lastKnownFileType = sourcecode.swift; path = AddWorkoutSetView.swift; sourceTree = "<group>"; };
		11B030542C8E31F8004F43C6 /* Workout+CoreDataClass.swift */ = {isa = PBXFileReference; lastKnownFileType = sourcecode.swift; path = "Workout+CoreDataClass.swift"; sourceTree = "<group>"; };
		11B030552C8E31F8004F43C6 /* Workout+CoreDataProperties.swift */ = {isa = PBXFileReference; lastKnownFileType = sourcecode.swift; path = "Workout+CoreDataProperties.swift"; sourceTree = "<group>"; };
		11B030562C8E31F8004F43C6 /* WorkoutSet+CoreDataClass.swift */ = {isa = PBXFileReference; lastKnownFileType = sourcecode.swift; path = "WorkoutSet+CoreDataClass.swift"; sourceTree = "<group>"; };
		11B030572C8E31F8004F43C6 /* WorkoutSet+CoreDataProperties.swift */ = {isa = PBXFileReference; lastKnownFileType = sourcecode.swift; path = "WorkoutSet+CoreDataProperties.swift"; sourceTree = "<group>"; };
/* End PBXFileReference section */

/* Begin PBXFrameworksBuildPhase section */
		11B02FF22C8E1DBB004F43C6 /* Frameworks */ = {
			isa = PBXFrameworksBuildPhase;
			buildActionMask = 2147483647;
			files = (
			);
			runOnlyForDeploymentPostprocessing = 0;
		};
/* End PBXFrameworksBuildPhase section */

/* Begin PBXGroup section */
		11B02FEC2C8E1DBA004F43C6 = {
			isa = PBXGroup;
			children = (
				11B030542C8E31F8004F43C6 /* Workout+CoreDataClass.swift */,
				11B030552C8E31F8004F43C6 /* Workout+CoreDataProperties.swift */,
				11B030562C8E31F8004F43C6 /* WorkoutSet+CoreDataClass.swift */,
				11B030572C8E31F8004F43C6 /* WorkoutSet+CoreDataProperties.swift */,
				11B02FF72C8E1DBB004F43C6 /* fitness-tracker */,
				11B02FF62C8E1DBB004F43C6 /* Products */,
			);
			sourceTree = "<group>";
		};
		11B02FF62C8E1DBB004F43C6 /* Products */ = {
			isa = PBXGroup;
			children = (
				11B02FF52C8E1DBB004F43C6 /* fitness-tracker.app */,
			);
			name = Products;
			sourceTree = "<group>";
		};
		11B02FF72C8E1DBB004F43C6 /* fitness-tracker */ = {
			isa = PBXGroup;
			children = (
				11822F4C2C8F35EB0042C39F /* fitness-tracker.entitlements */,
				11822F4B2C8F353D0042C39F /* Info.plist */,
				11B0301A2C8E234C004F43C6 /* Controller */,
				11B0300B2C8E1F33004F43C6 /* Views */,
				11B02FF82C8E1DBB004F43C6 /* fitness_trackerApp.swift */,
				11B02FFA2C8E1DBB004F43C6 /* ContentView.swift */,
				11B02FFC2C8E1DBC004F43C6 /* Assets.xcassets */,
				11B030032C8E1DBC004F43C6 /* fitness_tracker.xcdatamodeld */,
				11B02FFE2C8E1DBC004F43C6 /* Preview Content */,
			);
			path = "fitness-tracker";
			sourceTree = "<group>";
		};
		11B02FFE2C8E1DBC004F43C6 /* Preview Content */ = {
			isa = PBXGroup;
			children = (
				11B02FFF2C8E1DBC004F43C6 /* Preview Assets.xcassets */,
			);
			path = "Preview Content";
			sourceTree = "<group>";
		};
		11B0300B2C8E1F33004F43C6 /* Views */ = {
			isa = PBXGroup;
			children = (
				11B0303B2C8E2B3A004F43C6 /* WorkoutViews */,
				11B0300C2C8E1F42004F43C6 /* DashboardView.swift */,
				11B0300E2C8E1F4A004F43C6 /* WorkoutsView.swift */,
				11B030102C8E1F53004F43C6 /* ProfileView.swift */,
			);
			path = Views;
			sourceTree = "<group>";
		};
		11B0301A2C8E234C004F43C6 /* Controller */ = {
			isa = PBXGroup;
			children = (
				11B0301B2C8E235B004F43C6 /* WorkoutManager.swift */,
				11822F492C8F32130042C39F /* HealthKitManager.swift */,
			);
			path = Controller;
			sourceTree = "<group>";
		};
		11B0303B2C8E2B3A004F43C6 /* WorkoutViews */ = {
			isa = PBXGroup;
			children = (
				11B0303C2C8E2B4E004F43C6 /* WorkoutDetailView.swift */,
				11B030422C8E2D98004F43C6 /* AddWorkoutSetView.swift */,
				11B0303E2C8E2B57004F43C6 /* WorkoutRowView.swift */,
				11B030402C8E2CD5004F43C6 /* AddWorkoutView.swift */,
				11822F472C8F12210042C39F /* SetDetailView.swift */,
			);
			path = WorkoutViews;
			sourceTree = "<group>";
		};
/* End PBXGroup section */

/* Begin PBXNativeTarget section */
		11B02FF42C8E1DBB004F43C6 /* fitness-tracker */ = {
			isa = PBXNativeTarget;
			buildConfigurationList = 11B030082C8E1DBC004F43C6 /* Build configuration list for PBXNativeTarget "fitness-tracker" */;
			buildPhases = (
				11B02FF12C8E1DBB004F43C6 /* Sources */,
				11B02FF22C8E1DBB004F43C6 /* Frameworks */,
				11B02FF32C8E1DBB004F43C6 /* Resources */,
			);
			buildRules = (
			);
			dependencies = (
			);
			name = "fitness-tracker";
			productName = "fitness-tracker";
			productReference = 11B02FF52C8E1DBB004F43C6 /* fitness-tracker.app */;
			productType = "com.apple.product-type.application";
		};
/* End PBXNativeTarget section */

/* Begin PBXProject section */
		11B02FED2C8E1DBB004F43C6 /* Project object */ = {
			isa = PBXProject;
			attributes = {
				BuildIndependentTargetsInParallel = 1;
				LastSwiftUpdateCheck = 1540;
				LastUpgradeCheck = 1540;
				TargetAttributes = {
					11B02FF42C8E1DBB004F43C6 = {
						CreatedOnToolsVersion = 15.4;
					};
				};
			};
			buildConfigurationList = 11B02FF02C8E1DBB004F43C6 /* Build configuration list for PBXProject "fitness-tracker" */;
			compatibilityVersion = "Xcode 14.0";
			developmentRegion = en;
			hasScannedForEncodings = 0;
			knownRegions = (
				en,
				Base,
			);
			mainGroup = 11B02FEC2C8E1DBA004F43C6;
			productRefGroup = 11B02FF62C8E1DBB004F43C6 /* Products */;
			projectDirPath = "";
			projectRoot = "";
			targets = (
				11B02FF42C8E1DBB004F43C6 /* fitness-tracker */,
			);
		};
/* End PBXProject section */

/* Begin PBXResourcesBuildPhase section */
		11B02FF32C8E1DBB004F43C6 /* Resources */ = {
			isa = PBXResourcesBuildPhase;
			buildActionMask = 2147483647;
			files = (
				11B030002C8E1DBC004F43C6 /* Preview Assets.xcassets in Resources */,
				11B02FFD2C8E1DBC004F43C6 /* Assets.xcassets in Resources */,
			);
			runOnlyForDeploymentPostprocessing = 0;
		};
/* End PBXResourcesBuildPhase section */

/* Begin PBXSourcesBuildPhase section */
		11B02FF12C8E1DBB004F43C6 /* Sources */ = {
			isa = PBXSourcesBuildPhase;
			buildActionMask = 2147483647;
			files = (
				11B030412C8E2CD5004F43C6 /* AddWorkoutView.swift in Sources */,
				11B0303F2C8E2B57004F43C6 /* WorkoutRowView.swift in Sources */,
				11B030432C8E2D98004F43C6 /* AddWorkoutSetView.swift in Sources */,
				11B0301C2C8E235B004F43C6 /* WorkoutManager.swift in Sources */,
				11B02FFB2C8E1DBB004F43C6 /* ContentView.swift in Sources */,
				11B0300F2C8E1F4A004F43C6 /* WorkoutsView.swift in Sources */,
				11B0303D2C8E2B4E004F43C6 /* WorkoutDetailView.swift in Sources */,
				11B0300D2C8E1F42004F43C6 /* DashboardView.swift in Sources */,
				11822F482C8F12210042C39F /* SetDetailView.swift in Sources */,
				11B02FF92C8E1DBB004F43C6 /* fitness_trackerApp.swift in Sources */,
				11B030112C8E1F53004F43C6 /* ProfileView.swift in Sources */,
				11822F4A2C8F32130042C39F /* HealthKitManager.swift in Sources */,
				11B030052C8E1DBC004F43C6 /* fitness_tracker.xcdatamodeld in Sources */,
				11B030582C8E31F8004F43C6 /* Workout+CoreDataClass.swift in Sources */,
				11B030592C8E31F8004F43C6 /* Workout+CoreDataProperties.swift in Sources */,
				11B0305A2C8E31F8004F43C6 /* WorkoutSet+CoreDataClass.swift in Sources */,
				11B0305B2C8E31F8004F43C6 /* WorkoutSet+CoreDataProperties.swift in Sources */,
			);
			runOnlyForDeploymentPostprocessing = 0;
		};
/* End PBXSourcesBuildPhase section */

/* Begin XCBuildConfiguration section */
		11B030062C8E1DBC004F43C6 /* Debug */ = {
			isa = XCBuildConfiguration;
			buildSettings = {
				ALWAYS_SEARCH_USER_PATHS = NO;
				ASSETCATALOG_COMPILER_GENERATE_SWIFT_ASSET_SYMBOL_EXTENSIONS = YES;
				CLANG_ANALYZER_NONNULL = YES;
				CLANG_ANALYZER_NUMBER_OBJECT_CONVERSION = YES_AGGRESSIVE;
				CLANG_CXX_LANGUAGE_STANDARD = "gnu++20";
				CLANG_ENABLE_MODULES = YES;
				CLANG_ENABLE_OBJC_ARC = YES;
				CLANG_ENABLE_OBJC_WEAK = YES;
				CLANG_WARN_BLOCK_CAPTURE_AUTORELEASING = YES;
				CLANG_WARN_BOOL_CONVERSION = YES;
				CLANG_WARN_COMMA = YES;
				CLANG_WARN_CONSTANT_CONVERSION = YES;
				CLANG_WARN_DEPRECATED_OBJC_IMPLEMENTATIONS = YES;
				CLANG_WARN_DIRECT_OBJC_ISA_USAGE = YES_ERROR;
				CLANG_WARN_DOCUMENTATION_COMMENTS = YES;
				CLANG_WARN_EMPTY_BODY = YES;
				CLANG_WARN_ENUM_CONVERSION = YES;
				CLANG_WARN_INFINITE_RECURSION = YES;
				CLANG_WARN_INT_CONVERSION = YES;
				CLANG_WARN_NON_LITERAL_NULL_CONVERSION = YES;
				CLANG_WARN_OBJC_IMPLICIT_RETAIN_SELF = YES;
				CLANG_WARN_OBJC_LITERAL_CONVERSION = YES;
				CLANG_WARN_OBJC_ROOT_CLASS = YES_ERROR;
				CLANG_WARN_QUOTED_INCLUDE_IN_FRAMEWORK_HEADER = YES;
				CLANG_WARN_RANGE_LOOP_ANALYSIS = YES;
				CLANG_WARN_STRICT_PROTOTYPES = YES;
				CLANG_WARN_SUSPICIOUS_MOVE = YES;
				CLANG_WARN_UNGUARDED_AVAILABILITY = YES_AGGRESSIVE;
				CLANG_WARN_UNREACHABLE_CODE = YES;
				CLANG_WARN__DUPLICATE_METHOD_MATCH = YES;
				COPY_PHASE_STRIP = NO;
				DEBUG_INFORMATION_FORMAT = dwarf;
				ENABLE_STRICT_OBJC_MSGSEND = YES;
				ENABLE_TESTABILITY = YES;
				ENABLE_USER_SCRIPT_SANDBOXING = YES;
				GCC_C_LANGUAGE_STANDARD = gnu17;
				GCC_DYNAMIC_NO_PIC = NO;
				GCC_NO_COMMON_BLOCKS = YES;
				GCC_OPTIMIZATION_LEVEL = 0;
				GCC_PREPROCESSOR_DEFINITIONS = (
					"DEBUG=1",
					"$(inherited)",
				);
				GCC_WARN_64_TO_32_BIT_CONVERSION = YES;
				GCC_WARN_ABOUT_RETURN_TYPE = YES_ERROR;
				GCC_WARN_UNDECLARED_SELECTOR = YES;
				GCC_WARN_UNINITIALIZED_AUTOS = YES_AGGRESSIVE;
				GCC_WARN_UNUSED_FUNCTION = YES;
				GCC_WARN_UNUSED_VARIABLE = YES;
				IPHONEOS_DEPLOYMENT_TARGET = 17.5;
				LOCALIZATION_PREFERS_STRING_CATALOGS = YES;
				MTL_ENABLE_DEBUG_INFO = INCLUDE_SOURCE;
				MTL_FAST_MATH = YES;
				ONLY_ACTIVE_ARCH = YES;
				SDKROOT = iphoneos;
				SWIFT_ACTIVE_COMPILATION_CONDITIONS = "DEBUG $(inherited)";
				SWIFT_OPTIMIZATION_LEVEL = "-Onone";
			};
			name = Debug;
		};
		11B030072C8E1DBC004F43C6 /* Release */ = {
			isa = XCBuildConfiguration;
			buildSettings = {
				ALWAYS_SEARCH_USER_PATHS = NO;
				ASSETCATALOG_COMPILER_GENERATE_SWIFT_ASSET_SYMBOL_EXTENSIONS = YES;
				CLANG_ANALYZER_NONNULL = YES;
				CLANG_ANALYZER_NUMBER_OBJECT_CONVERSION = YES_AGGRESSIVE;
				CLANG_CXX_LANGUAGE_STANDARD = "gnu++20";
				CLANG_ENABLE_MODULES = YES;
				CLANG_ENABLE_OBJC_ARC = YES;
				CLANG_ENABLE_OBJC_WEAK = YES;
				CLANG_WARN_BLOCK_CAPTURE_AUTORELEASING = YES;
				CLANG_WARN_BOOL_CONVERSION = YES;
				CLANG_WARN_COMMA = YES;
				CLANG_WARN_CONSTANT_CONVERSION = YES;
				CLANG_WARN_DEPRECATED_OBJC_IMPLEMENTATIONS = YES;
				CLANG_WARN_DIRECT_OBJC_ISA_USAGE = YES_ERROR;
				CLANG_WARN_DOCUMENTATION_COMMENTS = YES;
				CLANG_WARN_EMPTY_BODY = YES;
				CLANG_WARN_ENUM_CONVERSION = YES;
				CLANG_WARN_INFINITE_RECURSION = YES;
				CLANG_WARN_INT_CONVERSION = YES;
				CLANG_WARN_NON_LITERAL_NULL_CONVERSION = YES;
				CLANG_WARN_OBJC_IMPLICIT_RETAIN_SELF = YES;
				CLANG_WARN_OBJC_LITERAL_CONVERSION = YES;
				CLANG_WARN_OBJC_ROOT_CLASS = YES_ERROR;
				CLANG_WARN_QUOTED_INCLUDE_IN_FRAMEWORK_HEADER = YES;
				CLANG_WARN_RANGE_LOOP_ANALYSIS = YES;
				CLANG_WARN_STRICT_PROTOTYPES = YES;
				CLANG_WARN_SUSPICIOUS_MOVE = YES;
				CLANG_WARN_UNGUARDED_AVAILABILITY = YES_AGGRESSIVE;
				CLANG_WARN_UNREACHABLE_CODE = YES;
				CLANG_WARN__DUPLICATE_METHOD_MATCH = YES;
				COPY_PHASE_STRIP = NO;
				DEBUG_INFORMATION_FORMAT = "dwarf-with-dsym";
				ENABLE_NS_ASSERTIONS = NO;
				ENABLE_STRICT_OBJC_MSGSEND = YES;
				ENABLE_USER_SCRIPT_SANDBOXING = YES;
				GCC_C_LANGUAGE_STANDARD = gnu17;
				GCC_NO_COMMON_BLOCKS = YES;
				GCC_WARN_64_TO_32_BIT_CONVERSION = YES;
				GCC_WARN_ABOUT_RETURN_TYPE = YES_ERROR;
				GCC_WARN_UNDECLARED_SELECTOR = YES;
				GCC_WARN_UNINITIALIZED_AUTOS = YES_AGGRESSIVE;
				GCC_WARN_UNUSED_FUNCTION = YES;
				GCC_WARN_UNUSED_VARIABLE = YES;
				IPHONEOS_DEPLOYMENT_TARGET = 17.5;
				LOCALIZATION_PREFERS_STRING_CATALOGS = YES;
				MTL_ENABLE_DEBUG_INFO = NO;
				MTL_FAST_MATH = YES;
				SDKROOT = iphoneos;
				SWIFT_COMPILATION_MODE = wholemodule;
				VALIDATE_PRODUCT = YES;
			};
			name = Release;
		};
		11B030092C8E1DBC004F43C6 /* Debug */ = {
			isa = XCBuildConfiguration;
			buildSettings = {
				ASSETCATALOG_COMPILER_APPICON_NAME = AppIcon;
				ASSETCATALOG_COMPILER_GLOBAL_ACCENT_COLOR_NAME = AccentColor;
				CODE_SIGN_ENTITLEMENTS = "fitness-tracker/fitness-tracker.entitlements";
				CODE_SIGN_STYLE = Automatic;
				CURRENT_PROJECT_VERSION = 1;
				DEVELOPMENT_ASSET_PATHS = "\"fitness-tracker/Preview Content\"";
				DEVELOPMENT_TEAM = PDQW8G4PSK;
				ENABLE_PREVIEWS = YES;
				GENERATE_INFOPLIST_FILE = YES;
				INFOPLIST_FILE = "fitness-tracker/Info.plist";
				INFOPLIST_KEY_UIApplicationSceneManifest_Generation = YES;
				INFOPLIST_KEY_UIApplicationSupportsIndirectInputEvents = YES;
				INFOPLIST_KEY_UILaunchScreen_Generation = YES;
				INFOPLIST_KEY_UISupportedInterfaceOrientations_iPad = "UIInterfaceOrientationPortrait UIInterfaceOrientationPortraitUpsideDown UIInterfaceOrientationLandscapeLeft UIInterfaceOrientationLandscapeRight";
				INFOPLIST_KEY_UISupportedInterfaceOrientations_iPhone = "UIInterfaceOrientationPortrait UIInterfaceOrientationLandscapeLeft UIInterfaceOrientationLandscapeRight";
				LD_RUNPATH_SEARCH_PATHS = (
					"$(inherited)",
					"@executable_path/Frameworks",
				);
				MARKETING_VERSION = 1.0;
				PRODUCT_BUNDLE_IDENTIFIER = "com.ssai-manoj.fitness-tracker";
				PRODUCT_NAME = "$(TARGET_NAME)";
				SWIFT_EMIT_LOC_STRINGS = YES;
				SWIFT_VERSION = 5.0;
				TARGETED_DEVICE_FAMILY = "1,2";
			};
			name = Debug;
		};
		11B0300A2C8E1DBC004F43C6 /* Release */ = {
			isa = XCBuildConfiguration;
			buildSettings = {
				ASSETCATALOG_COMPILER_APPICON_NAME = AppIcon;
				ASSETCATALOG_COMPILER_GLOBAL_ACCENT_COLOR_NAME = AccentColor;
				CODE_SIGN_ENTITLEMENTS = "fitness-tracker/fitness-tracker.entitlements";
				CODE_SIGN_STYLE = Automatic;
				CURRENT_PROJECT_VERSION = 1;
				DEVELOPMENT_ASSET_PATHS = "\"fitness-tracker/Preview Content\"";
				DEVELOPMENT_TEAM = PDQW8G4PSK;
				ENABLE_PREVIEWS = YES;
				GENERATE_INFOPLIST_FILE = YES;
				INFOPLIST_FILE = "fitness-tracker/Info.plist";
				INFOPLIST_KEY_UIApplicationSceneManifest_Generation = YES;
				INFOPLIST_KEY_UIApplicationSupportsIndirectInputEvents = YES;
				INFOPLIST_KEY_UILaunchScreen_Generation = YES;
				INFOPLIST_KEY_UISupportedInterfaceOrientations_iPad = "UIInterfaceOrientationPortrait UIInterfaceOrientationPortraitUpsideDown UIInterfaceOrientationLandscapeLeft UIInterfaceOrientationLandscapeRight";
				INFOPLIST_KEY_UISupportedInterfaceOrientations_iPhone = "UIInterfaceOrientationPortrait UIInterfaceOrientationLandscapeLeft UIInterfaceOrientationLandscapeRight";
				LD_RUNPATH_SEARCH_PATHS = (
					"$(inherited)",
					"@executable_path/Frameworks",
				);
				MARKETING_VERSION = 1.0;
				PRODUCT_BUNDLE_IDENTIFIER = "com.ssai-manoj.fitness-tracker";
				PRODUCT_NAME = "$(TARGET_NAME)";
				SWIFT_EMIT_LOC_STRINGS = YES;
				SWIFT_VERSION = 5.0;
				TARGETED_DEVICE_FAMILY = "1,2";
			};
			name = Release;
		};
/* End XCBuildConfiguration section */

/* Begin XCConfigurationList section */
		11B02FF02C8E1DBB004F43C6 /* Build configuration list for PBXProject "fitness-tracker" */ = {
			isa = XCConfigurationList;
			buildConfigurations = (
				11B030062C8E1DBC004F43C6 /* Debug */,
				11B030072C8E1DBC004F43C6 /* Release */,
			);
			defaultConfigurationIsVisible = 0;
			defaultConfigurationName = Release;
		};
		11B030082C8E1DBC004F43C6 /* Build configuration list for PBXNativeTarget "fitness-tracker" */ = {
			isa = XCConfigurationList;
			buildConfigurations = (
				11B030092C8E1DBC004F43C6 /* Debug */,
				11B0300A2C8E1DBC004F43C6 /* Release */,
			);
			defaultConfigurationIsVisible = 0;
			defaultConfigurationName = Release;
		};
/* End XCConfigurationList section */

/* Begin XCVersionGroup section */
		11B030032C8E1DBC004F43C6 /* fitness_tracker.xcdatamodeld */ = {
			isa = XCVersionGroup;
			children = (
				11B030042C8E1DBC004F43C6 /* fitness_tracker.xcdatamodel */,
			);
			currentVersion = 11B030042C8E1DBC004F43C6 /* fitness_tracker.xcdatamodel */;
			path = fitness_tracker.xcdatamodeld;
			sourceTree = "<group>";
			versionGroupType = wrapper.xcdatamodel;
		};
/* End XCVersionGroup section */
	};
	rootObject = 11B02FED2C8E1DBB004F43C6 /* Project object */;
}
